
Microsoft Visual Studio Solution File, Format Version 12.00
# Visual Studio 14
VisualStudioVersion = 14.0.25420.1
MinimumVisualStudioVersion = 10.0.40219.1
Project("{FAE04EC0-301F-11D3-BF4B-00C04F79EFBC}") = "StorageService", "StorageService\StorageService.csproj", "{BEFF7E00-F6AA-4BDE-AA5C-A819F9A1DA3C}"
EndProject
Project("{FAE04EC0-301F-11D3-BF4B-00C04F79EFBC}") = "TryIt", "TryIt\TryIt.csproj", "{EEC8CB56-D2DB-493C-BAD5-C0BC468D130A}"
	ProjectSection(ProjectDependencies) = postProject
		{BEFF7E00-F6AA-4BDE-AA5C-A819F9A1DA3C} = {BEFF7E00-F6AA-4BDE-AA5C-A819F9A1DA3C}
		{E7460937-153D-4068-873D-CFC42BD1295D} = {E7460937-153D-4068-873D-CFC42BD1295D}
	EndProjectSection
EndProject
Project("{FAE04EC0-301F-11D3-BF4B-00C04F79EFBC}") = "NewsFocus", "NewsFocus\NewsFocus.csproj", "{E7460937-153D-4068-873D-CFC42BD1295D}"
EndProject
Project("{FAE04EC0-301F-11D3-BF4B-00C04F79EFBC}") = "unirest-net (net40)", "..\..\..\..\Downloads\unirest-net-master\unirest-net-master\unirest-net\unirest-net (net40)\unirest-net (net40).csproj", "{BB1927F2-4FC7-4520-8680-49C0245E05E0}"
EndProject
Global
	GlobalSection(SolutionConfigurationPlatforms) = preSolution
		Debug|Any CPU = Debug|Any CPU
		Debug|ARM = Debug|ARM
		Debug|Mixed Platforms = Debug|Mixed Platforms
		Debug|x64 = Debug|x64
		Debug|x86 = Debug|x86
		Release|Any CPU = Release|Any CPU
		Release|ARM = Release|ARM
		Release|Mixed Platforms = Release|Mixed Platforms
		Release|x64 = Release|x64
		Release|x86 = Release|x86
	EndGlobalSection
	GlobalSection(ProjectConfigurationPlatforms) = postSolution
		{BEFF7E00-F6AA-4BDE-AA5C-A819F9A1DA3C}.Debug|Any CPU.ActiveCfg = Debug|Any CPU
		{BEFF7E00-F6AA-4BDE-AA5C-A819F9A1DA3C}.Debug|Any CPU.Build.0 = Debug|Any CPU
		{BEFF7E00-F6AA-4BDE-AA5C-A819F9A1DA3C}.Debug|ARM.ActiveCfg = Debug|Any CPU
		{BEFF7E00-F6AA-4BDE-AA5C-A819F9A1DA3C}.Debug|ARM.Build.0 = Debug|Any CPU
		{BEFF7E00-F6AA-4BDE-AA5C-A819F9A1DA3C}.Debug|Mixed Platforms.ActiveCfg = Debug|Any CPU
		{BEFF7E00-F6AA-4BDE-AA5C-A819F9A1DA3C}.Debug|Mixed Platforms.Build.0 = Debug|Any CPU
		{BEFF7E00-F6AA-4BDE-AA5C-A819F9A1DA3C}.Debug|x64.ActiveCfg = Debug|Any CPU
		{BEFF7E00-F6AA-4BDE-AA5C-A819F9A1DA3C}.Debug|x64.Build.0 = Debug|Any CPU
		{BEFF7E00-F6AA-4BDE-AA5C-A819F9A1DA3C}.Debug|x86.ActiveCfg = Debug|Any CPU
		{BEFF7E00-F6AA-4BDE-AA5C-A819F9A1DA3C}.Debug|x86.Build.0 = Debug|Any CPU
		{BEFF7E00-F6AA-4BDE-AA5C-A819F9A1DA3C}.Release|Any CPU.ActiveCfg = Release|Any CPU
		{BEFF7E00-F6AA-4BDE-AA5C-A819F9A1DA3C}.Release|Any CPU.Build.0 = Release|Any CPU
		{BEFF7E00-F6AA-4BDE-AA5C-A819F9A1DA3C}.Release|ARM.ActiveCfg = Release|Any CPU
		{BEFF7E00-F6AA-4BDE-AA5C-A819F9A1DA3C}.Release|ARM.Build.0 = Release|Any CPU
		{BEFF7E00-F6AA-4BDE-AA5C-A819F9A1DA3C}.Release|Mixed Platforms.ActiveCfg = Release|Any CPU
		{BEFF7E00-F6AA-4BDE-AA5C-A819F9A1DA3C}.Release|Mixed Platforms.Build.0 = Release|Any CPU
		{BEFF7E00-F6AA-4BDE-AA5C-A819F9A1DA3C}.Release|x64.ActiveCfg = Release|Any CPU
		{BEFF7E00-F6AA-4BDE-AA5C-A819F9A1DA3C}.Release|x64.Build.0 = Release|Any CPU
		{BEFF7E00-F6AA-4BDE-AA5C-A819F9A1DA3C}.Release|x86.ActiveCfg = Release|Any CPU
		{BEFF7E00-F6AA-4BDE-AA5C-A819F9A1DA3C}.Release|x86.Build.0 = Release|Any CPU
		{EEC8CB56-D2DB-493C-BAD5-C0BC468D130A}.Debug|Any CPU.ActiveCfg = Debug|Any CPU
		{EEC8CB56-D2DB-493C-BAD5-C0BC468D130A}.Debug|Any CPU.Build.0 = Debug|Any CPU
		{EEC8CB56-D2DB-493C-BAD5-C0BC468D130A}.Debug|ARM.ActiveCfg = Debug|Any CPU
		{EEC8CB56-D2DB-493C-BAD5-C0BC468D130A}.Debug|ARM.Build.0 = Debug|Any CPU
		{EEC8CB56-D2DB-493C-BAD5-C0BC468D130A}.Debug|Mixed Platforms.ActiveCfg = Debug|Any CPU
		{EEC8CB56-D2DB-493C-BAD5-C0BC468D130A}.Debug|Mixed Platforms.Build.0 = Debug|Any CPU
		{EEC8CB56-D2DB-493C-BAD5-C0BC468D130A}.Debug|x64.ActiveCfg = Debug|Any CPU
		{EEC8CB56-D2DB-493C-BAD5-C0BC468D130A}.Debug|x64.Build.0 = Debug|Any CPU
		{EEC8CB56-D2DB-493C-BAD5-C0BC468D130A}.Debug|x86.ActiveCfg = Debug|Any CPU
		{EEC8CB56-D2DB-493C-BAD5-C0BC468D130A}.Debug|x86.Build.0 = Debug|Any CPU
		{EEC8CB56-D2DB-493C-BAD5-C0BC468D130A}.Release|Any CPU.ActiveCfg = Release|Any CPU
		{EEC8CB56-D2DB-493C-BAD5-C0BC468D130A}.Release|Any CPU.Build.0 = Release|Any CPU
		{EEC8CB56-D2DB-493C-BAD5-C0BC468D130A}.Release|ARM.ActiveCfg = Release|Any CPU
		{EEC8CB56-D2DB-493C-BAD5-C0BC468D130A}.Release|ARM.Build.0 = Release|Any CPU
		{EEC8CB56-D2DB-493C-BAD5-C0BC468D130A}.Release|Mixed Platforms.ActiveCfg = Release|Any CPU
		{EEC8CB56-D2DB-493C-BAD5-C0BC468D130A}.Release|Mixed Platforms.Build.0 = Release|Any CPU
		{EEC8CB56-D2DB-493C-BAD5-C0BC468D130A}.Release|x64.ActiveCfg = Release|Any CPU
		{EEC8CB56-D2DB-493C-BAD5-C0BC468D130A}.Release|x64.Build.0 = Release|Any CPU
		{EEC8CB56-D2DB-493C-BAD5-C0BC468D130A}.Release|x86.ActiveCfg = Release|Any CPU
		{EEC8CB56-D2DB-493C-BAD5-C0BC468D130A}.Release|x86.Build.0 = Release|Any CPU
		{E7460937-153D-4068-873D-CFC42BD1295D}.Debug|Any CPU.ActiveCfg = Debug|Any CPU
		{E7460937-153D-4068-873D-CFC42BD1295D}.Debug|Any CPU.Build.0 = Debug|Any CPU
		{E7460937-153D-4068-873D-CFC42BD1295D}.Debug|ARM.ActiveCfg = Debug|Any CPU
		{E7460937-153D-4068-873D-CFC42BD1295D}.Debug|ARM.Build.0 = Debug|Any CPU
		{E7460937-153D-4068-873D-CFC42BD1295D}.Debug|Mixed Platforms.ActiveCfg = Debug|Any CPU
		{E7460937-153D-4068-873D-CFC42BD1295D}.Debug|Mixed Platforms.Build.0 = Debug|Any CPU
		{E7460937-153D-4068-873D-CFC42BD1295D}.Debug|x64.ActiveCfg = Debug|Any CPU
		{E7460937-153D-4068-873D-CFC42BD1295D}.Debug|x64.Build.0 = Debug|Any CPU
		{E7460937-153D-4068-873D-CFC42BD1295D}.Debug|x86.ActiveCfg = Debug|Any CPU
		{E7460937-153D-4068-873D-CFC42BD1295D}.Debug|x86.Build.0 = Debug|Any CPU
		{E7460937-153D-4068-873D-CFC42BD1295D}.Release|Any CPU.ActiveCfg = Release|Any CPU
		{E7460937-153D-4068-873D-CFC42BD1295D}.Release|Any CPU.Build.0 = Release|Any CPU
		{E7460937-153D-4068-873D-CFC42BD1295D}.Release|ARM.ActiveCfg = Release|Any CPU
		{E7460937-153D-4068-873D-CFC42BD1295D}.Release|ARM.Build.0 = Release|Any CPU
		{E7460937-153D-4068-873D-CFC42BD1295D}.Release|Mixed Platforms.ActiveCfg = Release|Any CPU
		{E7460937-153D-4068-873D-CFC42BD1295D}.Release|Mixed Platforms.Build.0 = Release|Any CPU
		{E7460937-153D-4068-873D-CFC42BD1295D}.Release|x64.ActiveCfg = Release|Any CPU
		{E7460937-153D-4068-873D-CFC42BD1295D}.Release|x64.Build.0 = Release|Any CPU
		{E7460937-153D-4068-873D-CFC42BD1295D}.Release|x86.ActiveCfg = Release|Any CPU
		{E7460937-153D-4068-873D-CFC42BD1295D}.Release|x86.Build.0 = Release|Any CPU
		{BB1927F2-4FC7-4520-8680-49C0245E05E0}.Debug|Any CPU.ActiveCfg = Debug|Any CPU
		{BB1927F2-4FC7-4520-8680-49C0245E05E0}.Debug|Any CPU.Build.0 = Debug|Any CPU
		{BB1927F2-4FC7-4520-8680-49C0245E05E0}.Debug|ARM.ActiveCfg = Debug|Any CPU
		{BB1927F2-4FC7-4520-8680-49C0245E05E0}.Debug|ARM.Build.0 = Debug|Any CPU
		{BB1927F2-4FC7-4520-8680-49C0245E05E0}.Debug|Mixed Platforms.ActiveCfg = Debug|Any CPU
		{BB1927F2-4FC7-4520-8680-49C0245E05E0}.Debug|Mixed Platforms.Build.0 = Debug|Any CPU
		{BB1927F2-4FC7-4520-8680-49C0245E05E0}.Debug|x64.ActiveCfg = Debug|Any CPU
		{BB1927F2-4FC7-4520-8680-49C0245E05E0}.Debug|x64.Build.0 = Debug|Any CPU
		{BB1927F2-4FC7-4520-8680-49C0245E05E0}.Debug|x86.ActiveCfg = Debug|Any CPU
		{BB1927F2-4FC7-4520-8680-49C0245E05E0}.Debug|x86.Build.0 = Debug|Any CPU
		{BB1927F2-4FC7-4520-8680-49C0245E05E0}.Release|Any CPU.ActiveCfg = Release|Any CPU
		{BB1927F2-4FC7-4520-8680-49C0245E05E0}.Release|Any CPU.Build.0 = Release|Any CPU
		{BB1927F2-4FC7-4520-8680-49C0245E05E0}.Release|ARM.ActiveCfg = Release|Any CPU
		{BB1927F2-4FC7-4520-8680-49C0245E05E0}.Release|ARM.Build.0 = Release|Any CPU
		{BB1927F2-4FC7-4520-8680-49C0245E05E0}.Release|Mixed Platforms.ActiveCfg = Release|Any CPU
		{BB1927F2-4FC7-4520-8680-49C0245E05E0}.Release|Mixed Platforms.Build.0 = Release|Any CPU
		{BB1927F2-4FC7-4520-8680-49C0245E05E0}.Release|x64.ActiveCfg = Release|Any CPU
		{BB1927F2-4FC7-4520-8680-49C0245E05E0}.Release|x64.Build.0 = Release|Any CPU
		{BB1927F2-4FC7-4520-8680-49C0245E05E0}.Release|x86.ActiveCfg = Release|Any CPU
		{BB1927F2-4FC7-4520-8680-49C0245E05E0}.Release|x86.Build.0 = Release|Any CPU
	EndGlobalSection
	GlobalSection(SolutionProperties) = preSolution
		HideSolutionNode = FALSE
	EndGlobalSection
EndGlobal
